// !$*UTF8*$!
{
	archiveVersion = 1;
	classes = {
	};
	objectVersion = 56;
	objects = {

/* Begin PBXBuildFile section */
		28A3EDA02D7DCE3200CDF95B /* MainTabbedView.swift in Sources */ = {isa = PBXBuildFile; fileRef = 28A3ED9F2D7DCE2F00CDF95B /* MainTabbedView.swift */; };
		28A3EDA22D7DCE5300CDF95B /* SideMenu.swift in Sources */ = {isa = PBXBuildFile; fileRef = 28A3EDA12D7DCE5200CDF95B /* SideMenu.swift */; };
		28A3EDA42D7DCE9F00CDF95B /* SideMenuRowType.swift in Sources */ = {isa = PBXBuildFile; fileRef = 28A3EDA32D7DCE9E00CDF95B /* SideMenuRowType.swift */; };
		28A3EDA62D7DCF3000CDF95B /* SideMenuView.swift in Sources */ = {isa = PBXBuildFile; fileRef = 28A3EDA52D7DCF2F00CDF95B /* SideMenuView.swift */; };
		28A3EDA82D7DD41700CDF95B /* Favorite.swift in Sources */ = {isa = PBXBuildFile; fileRef = 28A3EDA72D7DD40E00CDF95B /* Favorite.swift */; };
		28A3EDAA2D7DD43C00CDF95B /* Chat.swift in Sources */ = {isa = PBXBuildFile; fileRef = 28A3EDA92D7DD43B00CDF95B /* Chat.swift */; };
		28A3EDAC2D7DD45A00CDF95B /* Profile.swift in Sources */ = {isa = PBXBuildFile; fileRef = 28A3EDAB2D7DD45900CDF95B /* Profile.swift */; };
		28A3EDAE2D7DD4CB00CDF95B /* Home.swift in Sources */ = {isa = PBXBuildFile; fileRef = 28A3EDAD2D7DD4C900CDF95B /* Home.swift */; };
		65F00F5C2D799A38000E7B14 /* homesecurity_demo_4App.swift in Sources */ = {isa = PBXBuildFile; fileRef = 65F00F5B2D799A38000E7B14 /* homesecurity_demo_4App.swift */; };
		65F00F5E2D799A38000E7B14 /* ContentView.swift in Sources */ = {isa = PBXBuildFile; fileRef = 65F00F5D2D799A38000E7B14 /* ContentView.swift */; };
		65F00F602D799A3C000E7B14 /* Assets.xcassets in Resources */ = {isa = PBXBuildFile; fileRef = 65F00F5F2D799A3C000E7B14 /* Assets.xcassets */; };
		65F00F632D799A3C000E7B14 /* Preview Assets.xcassets in Resources */ = {isa = PBXBuildFile; fileRef = 65F00F622D799A3C000E7B14 /* Preview Assets.xcassets */; };
		65F00F6D2D799A3C000E7B14 /* homesecurity_demo_4Tests.swift in Sources */ = {isa = PBXBuildFile; fileRef = 65F00F6C2D799A3C000E7B14 /* homesecurity_demo_4Tests.swift */; };
		65F00F772D799A3C000E7B14 /* homesecurity_demo_4UITests.swift in Sources */ = {isa = PBXBuildFile; fileRef = 65F00F762D799A3C000E7B14 /* homesecurity_demo_4UITests.swift */; };
		65F00F792D799A3C000E7B14 /* homesecurity_demo_4UITestsLaunchTests.swift in Sources */ = {isa = PBXBuildFile; fileRef = 65F00F782D799A3C000E7B14 /* homesecurity_demo_4UITestsLaunchTests.swift */; };
/* End PBXBuildFile section */

/* Begin PBXContainerItemProxy section */
		65F00F692D799A3C000E7B14 /* PBXContainerItemProxy */ = {
			isa = PBXContainerItemProxy;
			containerPortal = 65F00F502D799A38000E7B14 /* Project object */;
			proxyType = 1;
			remoteGlobalIDString = 65F00F572D799A38000E7B14;
			remoteInfo = "homesecurity demo 4";
		};
		65F00F732D799A3C000E7B14 /* PBXContainerItemProxy */ = {
			isa = PBXContainerItemProxy;
			containerPortal = 65F00F502D799A38000E7B14 /* Project object */;
			proxyType = 1;
			remoteGlobalIDString = 65F00F572D799A38000E7B14;
			remoteInfo = "homesecurity demo 4";
		};
/* End PBXContainerItemProxy section */

/* Begin PBXFileReference section */
		28A3ED9F2D7DCE2F00CDF95B /* MainTabbedView.swift */ = {isa = PBXFileReference; lastKnownFileType = sourcecode.swift; path = MainTabbedView.swift; sourceTree = "<group>"; };
		28A3EDA12D7DCE5200CDF95B /* SideMenu.swift */ = {isa = PBXFileReference; lastKnownFileType = sourcecode.swift; path = SideMenu.swift; sourceTree = "<group>"; };
		28A3EDA32D7DCE9E00CDF95B /* SideMenuRowType.swift */ = {isa = PBXFileReference; lastKnownFileType = sourcecode.swift; path = SideMenuRowType.swift; sourceTree = "<group>"; };
		28A3EDA52D7DCF2F00CDF95B /* SideMenuView.swift */ = {isa = PBXFileReference; lastKnownFileType = sourcecode.swift; path = SideMenuView.swift; sourceTree = "<group>"; };
		28A3EDA72D7DD40E00CDF95B /* Favorite.swift */ = {isa = PBXFileReference; lastKnownFileType = sourcecode.swift; path = Favorite.swift; sourceTree = "<group>"; };
		28A3EDA92D7DD43B00CDF95B /* Chat.swift */ = {isa = PBXFileReference; lastKnownFileType = sourcecode.swift; path = Chat.swift; sourceTree = "<group>"; };
		28A3EDAB2D7DD45900CDF95B /* Profile.swift */ = {isa = PBXFileReference; lastKnownFileType = sourcecode.swift; path = Profile.swift; sourceTree = "<group>"; };
		28A3EDAD2D7DD4C900CDF95B /* Home.swift */ = {isa = PBXFileReference; lastKnownFileType = sourcecode.swift; path = Home.swift; sourceTree = "<group>"; };
		65F00F582D799A38000E7B14 /* homesecurity demo 4.app */ = {isa = PBXFileReference; explicitFileType = wrapper.application; includeInIndex = 0; path = "homesecurity demo 4.app"; sourceTree = BUILT_PRODUCTS_DIR; };
		65F00F5B2D799A38000E7B14 /* homesecurity_demo_4App.swift */ = {isa = PBXFileReference; lastKnownFileType = sourcecode.swift; path = homesecurity_demo_4App.swift; sourceTree = "<group>"; };
		65F00F5D2D799A38000E7B14 /* ContentView.swift */ = {isa = PBXFileReference; lastKnownFileType = sourcecode.swift; path = ContentView.swift; sourceTree = "<group>"; };
		65F00F5F2D799A3C000E7B14 /* Assets.xcassets */ = {isa = PBXFileReference; lastKnownFileType = folder.assetcatalog; path = Assets.xcassets; sourceTree = "<group>"; };
		65F00F622D799A3C000E7B14 /* Preview Assets.xcassets */ = {isa = PBXFileReference; lastKnownFileType = folder.assetcatalog; path = "Preview Assets.xcassets"; sourceTree = "<group>"; };
		65F00F682D799A3C000E7B14 /* homesecurity demo 4Tests.xctest */ = {isa = PBXFileReference; explicitFileType = wrapper.cfbundle; includeInIndex = 0; path = "homesecurity demo 4Tests.xctest"; sourceTree = BUILT_PRODUCTS_DIR; };
		65F00F6C2D799A3C000E7B14 /* homesecurity_demo_4Tests.swift */ = {isa = PBXFileReference; lastKnownFileType = sourcecode.swift; path = homesecurity_demo_4Tests.swift; sourceTree = "<group>"; };
		65F00F722D799A3C000E7B14 /* homesecurity demo 4UITests.xctest */ = {isa = PBXFileReference; explicitFileType = wrapper.cfbundle; includeInIndex = 0; path = "homesecurity demo 4UITests.xctest"; sourceTree = BUILT_PRODUCTS_DIR; };
		65F00F762D799A3C000E7B14 /* homesecurity_demo_4UITests.swift */ = {isa = PBXFileReference; lastKnownFileType = sourcecode.swift; path = homesecurity_demo_4UITests.swift; sourceTree = "<group>"; };
		65F00F782D799A3C000E7B14 /* homesecurity_demo_4UITestsLaunchTests.swift */ = {isa = PBXFileReference; lastKnownFileType = sourcecode.swift; path = homesecurity_demo_4UITestsLaunchTests.swift; sourceTree = "<group>"; };
/* End PBXFileReference section */

/* Begin PBXFrameworksBuildPhase section */
		65F00F552D799A38000E7B14 /* Frameworks */ = {
			isa = PBXFrameworksBuildPhase;
			buildActionMask = 2147483647;
			files = (
			);
			runOnlyForDeploymentPostprocessing = 0;
		};
		65F00F652D799A3C000E7B14 /* Frameworks */ = {
			isa = PBXFrameworksBuildPhase;
			buildActionMask = 2147483647;
			files = (
			);
			runOnlyForDeploymentPostprocessing = 0;
		};
		65F00F6F2D799A3C000E7B14 /* Frameworks */ = {
			isa = PBXFrameworksBuildPhase;
			buildActionMask = 2147483647;
			files = (
			);
			runOnlyForDeploymentPostprocessing = 0;
		};
/* End PBXFrameworksBuildPhase section */

/* Begin PBXGroup section */
		65F00F4F2D799A38000E7B14 = {
			isa = PBXGroup;
			children = (
				65F00F5A2D799A38000E7B14 /* homesecurity demo 4 */,
				65F00F6B2D799A3C000E7B14 /* homesecurity demo 4Tests */,
				65F00F752D799A3C000E7B14 /* homesecurity demo 4UITests */,
				65F00F592D799A38000E7B14 /* Products */,
			);
			sourceTree = "<group>";
		};
		65F00F592D799A38000E7B14 /* Products */ = {
			isa = PBXGroup;
			children = (
				65F00F582D799A38000E7B14 /* homesecurity demo 4.app */,
				65F00F682D799A3C000E7B14 /* homesecurity demo 4Tests.xctest */,
				65F00F722D799A3C000E7B14 /* homesecurity demo 4UITests.xctest */,
			);
			name = Products;
			sourceTree = "<group>";
		};
		65F00F5A2D799A38000E7B14 /* homesecurity demo 4 */ = {
			isa = PBXGroup;
			children = (
				28A3EDAD2D7DD4C900CDF95B /* Home.swift */,
				28A3EDAB2D7DD45900CDF95B /* Profile.swift */,
				28A3EDA92D7DD43B00CDF95B /* Chat.swift */,
				28A3EDA72D7DD40E00CDF95B /* Favorite.swift */,
				28A3EDA52D7DCF2F00CDF95B /* SideMenuView.swift */,
				28A3EDA32D7DCE9E00CDF95B /* SideMenuRowType.swift */,
				28A3EDA12D7DCE5200CDF95B /* SideMenu.swift */,
				28A3ED9F2D7DCE2F00CDF95B /* MainTabbedView.swift */,
				65F00F5B2D799A38000E7B14 /* homesecurity_demo_4App.swift */,
				65F00F5D2D799A38000E7B14 /* ContentView.swift */,
				65F00F5F2D799A3C000E7B14 /* Assets.xcassets */,
				65F00F612D799A3C000E7B14 /* Preview Content */,
			);
			path = "homesecurity demo 4";
			sourceTree = "<group>";
		};
		65F00F612D799A3C000E7B14 /* Preview Content */ = {
			isa = PBXGroup;
			children = (
				65F00F622D799A3C000E7B14 /* Preview Assets.xcassets */,
			);
			path = "Preview Content";
			sourceTree = "<group>";
		};
		65F00F6B2D799A3C000E7B14 /* homesecurity demo 4Tests */ = {
			isa = PBXGroup;
			children = (
				65F00F6C2D799A3C000E7B14 /* homesecurity_demo_4Tests.swift */,
			);
			path = "homesecurity demo 4Tests";
			sourceTree = "<group>";
		};
		65F00F752D799A3C000E7B14 /* homesecurity demo 4UITests */ = {
			isa = PBXGroup;
			children = (
				65F00F762D799A3C000E7B14 /* homesecurity_demo_4UITests.swift */,
				65F00F782D799A3C000E7B14 /* homesecurity_demo_4UITestsLaunchTests.swift */,
			);
			path = "homesecurity demo 4UITests";
			sourceTree = "<group>";
		};
/* End PBXGroup section */

/* Begin PBXNativeTarget section */
		65F00F572D799A38000E7B14 /* homesecurity demo 4 */ = {
			isa = PBXNativeTarget;
			buildConfigurationList = 65F00F7C2D799A3C000E7B14 /* Build configuration list for PBXNativeTarget "homesecurity demo 4" */;
			buildPhases = (
				65F00F542D799A38000E7B14 /* Sources */,
				65F00F552D799A38000E7B14 /* Frameworks */,
				65F00F562D799A38000E7B14 /* Resources */,
			);
			buildRules = (
			);
			dependencies = (
			);
			name = "homesecurity demo 4";
			productName = "homesecurity demo 4";
			productReference = 65F00F582D799A38000E7B14 /* homesecurity demo 4.app */;
			productType = "com.apple.product-type.application";
		};
		65F00F672D799A3C000E7B14 /* homesecurity demo 4Tests */ = {
			isa = PBXNativeTarget;
			buildConfigurationList = 65F00F7F2D799A3C000E7B14 /* Build configuration list for PBXNativeTarget "homesecurity demo 4Tests" */;
			buildPhases = (
				65F00F642D799A3C000E7B14 /* Sources */,
				65F00F652D799A3C000E7B14 /* Frameworks */,
				65F00F662D799A3C000E7B14 /* Resources */,
			);
			buildRules = (
			);
			dependencies = (
				65F00F6A2D799A3C000E7B14 /* PBXTargetDependency */,
			);
			name = "homesecurity demo 4Tests";
			productName = "homesecurity demo 4Tests";
			productReference = 65F00F682D799A3C000E7B14 /* homesecurity demo 4Tests.xctest */;
			productType = "com.apple.product-type.bundle.unit-test";
		};
		65F00F712D799A3C000E7B14 /* homesecurity demo 4UITests */ = {
			isa = PBXNativeTarget;
			buildConfigurationList = 65F00F822D799A3C000E7B14 /* Build configuration list for PBXNativeTarget "homesecurity demo 4UITests" */;
			buildPhases = (
				65F00F6E2D799A3C000E7B14 /* Sources */,
				65F00F6F2D799A3C000E7B14 /* Frameworks */,
				65F00F702D799A3C000E7B14 /* Resources */,
			);
			buildRules = (
			);
			dependencies = (
				65F00F742D799A3C000E7B14 /* PBXTargetDependency */,
			);
			name = "homesecurity demo 4UITests";
			productName = "homesecurity demo 4UITests";
			productReference = 65F00F722D799A3C000E7B14 /* homesecurity demo 4UITests.xctest */;
			productType = "com.apple.product-type.bundle.ui-testing";
		};
/* End PBXNativeTarget section */

/* Begin PBXProject section */
		65F00F502D799A38000E7B14 /* Project object */ = {
			isa = PBXProject;
			attributes = {
				BuildIndependentTargetsInParallel = 1;
				LastSwiftUpdateCheck = 1540;
				LastUpgradeCheck = 1540;
				TargetAttributes = {
					65F00F572D799A38000E7B14 = {
						CreatedOnToolsVersion = 15.4;
					};
					65F00F672D799A3C000E7B14 = {
						CreatedOnToolsVersion = 15.4;
						TestTargetID = 65F00F572D799A38000E7B14;
					};
					65F00F712D799A3C000E7B14 = {
						CreatedOnToolsVersion = 15.4;
						TestTargetID = 65F00F572D799A38000E7B14;
					};
				};
			};
			buildConfigurationList = 65F00F532D799A38000E7B14 /* Build configuration list for PBXProject "homesecurity demo 4" */;
			compatibilityVersion = "Xcode 14.0";
			developmentRegion = en;
			hasScannedForEncodings = 0;
			knownRegions = (
				en,
				Base,
			);
			mainGroup = 65F00F4F2D799A38000E7B14;
			productRefGroup = 65F00F592D799A38000E7B14 /* Products */;
			projectDirPath = "";
			projectRoot = "";
			targets = (
				65F00F572D799A38000E7B14 /* homesecurity demo 4 */,
				65F00F672D799A3C000E7B14 /* homesecurity demo 4Tests */,
				65F00F712D799A3C000E7B14 /* homesecurity demo 4UITests */,
			);
		};
/* End PBXProject section */

/* Begin PBXResourcesBuildPhase section */
		65F00F562D799A38000E7B14 /* Resources */ = {
			isa = PBXResourcesBuildPhase;
			buildActionMask = 2147483647;
			files = (
				65F00F632D799A3C000E7B14 /* Preview Assets.xcassets in Resources */,
				65F00F602D799A3C000E7B14 /* Assets.xcassets in Resources */,
			);
			runOnlyForDeploymentPostprocessing = 0;
		};
		65F00F662D799A3C000E7B14 /* Resources */ = {
			isa = PBXResourcesBuildPhase;
			buildActionMask = 2147483647;
			files = (
			);
			runOnlyForDeploymentPostprocessing = 0;
		};
		65F00F702D799A3C000E7B14 /* Resources */ = {
			isa = PBXResourcesBuildPhase;
			buildActionMask = 2147483647;
			files = (
			);
			runOnlyForDeploymentPostprocessing = 0;
		};
/* End PBXResourcesBuildPhase section */

/* Begin PBXSourcesBuildPhase section */
		65F00F542D799A38000E7B14 /* Sources */ = {
			isa = PBXSourcesBuildPhase;
			buildActionMask = 2147483647;
			files = (
				28A3EDA62D7DCF3000CDF95B /* SideMenuView.swift in Sources */,
				28A3EDA82D7DD41700CDF95B /* Favorite.swift in Sources */,
				28A3EDAE2D7DD4CB00CDF95B /* Home.swift in Sources */,
				28A3EDA42D7DCE9F00CDF95B /* SideMenuRowType.swift in Sources */,
				65F00F5E2D799A38000E7B14 /* ContentView.swift in Sources */,
				65F00F5C2D799A38000E7B14 /* homesecurity_demo_4App.swift in Sources */,
				28A3EDAA2D7DD43C00CDF95B /* Chat.swift in Sources */,
				28A3EDA02D7DCE3200CDF95B /* MainTabbedView.swift in Sources */,
				28A3EDAC2D7DD45A00CDF95B /* Profile.swift in Sources */,
				28A3EDA22D7DCE5300CDF95B /* SideMenu.swift in Sources */,
			);
			runOnlyForDeploymentPostprocessing = 0;
		};
		65F00F642D799A3C000E7B14 /* Sources */ = {
			isa = PBXSourcesBuildPhase;
			buildActionMask = 2147483647;
			files = (
				65F00F6D2D799A3C000E7B14 /* homesecurity_demo_4Tests.swift in Sources */,
			);
			runOnlyForDeploymentPostprocessing = 0;
		};
		65F00F6E2D799A3C000E7B14 /* Sources */ = {
			isa = PBXSourcesBuildPhase;
			buildActionMask = 2147483647;
			files = (
				65F00F772D799A3C000E7B14 /* homesecurity_demo_4UITests.swift in Sources */,
				65F00F792D799A3C000E7B14 /* homesecurity_demo_4UITestsLaunchTests.swift in Sources */,
			);
			runOnlyForDeploymentPostprocessing = 0;
		};
/* End PBXSourcesBuildPhase section */

/* Begin PBXTargetDependency section */
		65F00F6A2D799A3C000E7B14 /* PBXTargetDependency */ = {
			isa = PBXTargetDependency;
			target = 65F00F572D799A38000E7B14 /* homesecurity demo 4 */;
			targetProxy = 65F00F692D799A3C000E7B14 /* PBXContainerItemProxy */;
		};
		65F00F742D799A3C000E7B14 /* PBXTargetDependency */ = {
			isa = PBXTargetDependency;
			target = 65F00F572D799A38000E7B14 /* homesecurity demo 4 */;
			targetProxy = 65F00F732D799A3C000E7B14 /* PBXContainerItemProxy */;
		};
/* End PBXTargetDependency section */

/* Begin XCBuildConfiguration section */
		65F00F7A2D799A3C000E7B14 /* Debug */ = {
			isa = XCBuildConfiguration;
			buildSettings = {
				ALWAYS_SEARCH_USER_PATHS = NO;
				ASSETCATALOG_COMPILER_GENERATE_SWIFT_ASSET_SYMBOL_EXTENSIONS = YES;
				CLANG_ANALYZER_NONNULL = YES;
				CLANG_ANALYZER_NUMBER_OBJECT_CONVERSION = YES_AGGRESSIVE;
				CLANG_CXX_LANGUAGE_STANDARD = "gnu++20";
				CLANG_ENABLE_MODULES = YES;
				CLANG_ENABLE_OBJC_ARC = YES;
				CLANG_ENABLE_OBJC_WEAK = YES;
				CLANG_WARN_BLOCK_CAPTURE_AUTORELEASING = YES;
				CLANG_WARN_BOOL_CONVERSION = YES;
				CLANG_WARN_COMMA = YES;
				CLANG_WARN_CONSTANT_CONVERSION = YES;
				CLANG_WARN_DEPRECATED_OBJC_IMPLEMENTATIONS = YES;
				CLANG_WARN_DIRECT_OBJC_ISA_USAGE = YES_ERROR;
				CLANG_WARN_DOCUMENTATION_COMMENTS = YES;
				CLANG_WARN_EMPTY_BODY = YES;
				CLANG_WARN_ENUM_CONVERSION = YES;
				CLANG_WARN_INFINITE_RECURSION = YES;
				CLANG_WARN_INT_CONVERSION = YES;
				CLANG_WARN_NON_LITERAL_NULL_CONVERSION = YES;
				CLANG_WARN_OBJC_IMPLICIT_RETAIN_SELF = YES;
				CLANG_WARN_OBJC_LITERAL_CONVERSION = YES;
				CLANG_WARN_OBJC_ROOT_CLASS = YES_ERROR;
				CLANG_WARN_QUOTED_INCLUDE_IN_FRAMEWORK_HEADER = YES;
				CLANG_WARN_RANGE_LOOP_ANALYSIS = YES;
				CLANG_WARN_STRICT_PROTOTYPES = YES;
				CLANG_WARN_SUSPICIOUS_MOVE = YES;
				CLANG_WARN_UNGUARDED_AVAILABILITY = YES_AGGRESSIVE;
				CLANG_WARN_UNREACHABLE_CODE = YES;
				CLANG_WARN__DUPLICATE_METHOD_MATCH = YES;
				COPY_PHASE_STRIP = NO;
				DEBUG_INFORMATION_FORMAT = dwarf;
				ENABLE_STRICT_OBJC_MSGSEND = YES;
				ENABLE_TESTABILITY = YES;
				ENABLE_USER_SCRIPT_SANDBOXING = YES;
				GCC_C_LANGUAGE_STANDARD = gnu17;
				GCC_DYNAMIC_NO_PIC = NO;
				GCC_NO_COMMON_BLOCKS = YES;
				GCC_OPTIMIZATION_LEVEL = 0;
				GCC_PREPROCESSOR_DEFINITIONS = (
					"DEBUG=1",
					"$(inherited)",
				);
				GCC_WARN_64_TO_32_BIT_CONVERSION = YES;
				GCC_WARN_ABOUT_RETURN_TYPE = YES_ERROR;
				GCC_WARN_UNDECLARED_SELECTOR = YES;
				GCC_WARN_UNINITIALIZED_AUTOS = YES_AGGRESSIVE;
				GCC_WARN_UNUSED_FUNCTION = YES;
				GCC_WARN_UNUSED_VARIABLE = YES;
				IPHONEOS_DEPLOYMENT_TARGET = 17.5;
				LOCALIZATION_PREFERS_STRING_CATALOGS = YES;
				MTL_ENABLE_DEBUG_INFO = INCLUDE_SOURCE;
				MTL_FAST_MATH = YES;
				ONLY_ACTIVE_ARCH = YES;
				SDKROOT = iphoneos;
				SWIFT_ACTIVE_COMPILATION_CONDITIONS = "DEBUG $(inherited)";
				SWIFT_OPTIMIZATION_LEVEL = "-Onone";
			};
			name = Debug;
		};
		65F00F7B2D799A3C000E7B14 /* Release */ = {
			isa = XCBuildConfiguration;
			buildSettings = {
				ALWAYS_SEARCH_USER_PATHS = NO;
				ASSETCATALOG_COMPILER_GENERATE_SWIFT_ASSET_SYMBOL_EXTENSIONS = YES;
				CLANG_ANALYZER_NONNULL = YES;
				CLANG_ANALYZER_NUMBER_OBJECT_CONVERSION = YES_AGGRESSIVE;
				CLANG_CXX_LANGUAGE_STANDARD = "gnu++20";
				CLANG_ENABLE_MODULES = YES;
				CLANG_ENABLE_OBJC_ARC = YES;
				CLANG_ENABLE_OBJC_WEAK = YES;
				CLANG_WARN_BLOCK_CAPTURE_AUTORELEASING = YES;
				CLANG_WARN_BOOL_CONVERSION = YES;
				CLANG_WARN_COMMA = YES;
				CLANG_WARN_CONSTANT_CONVERSION = YES;
				CLANG_WARN_DEPRECATED_OBJC_IMPLEMENTATIONS = YES;
				CLANG_WARN_DIRECT_OBJC_ISA_USAGE = YES_ERROR;
				CLANG_WARN_DOCUMENTATION_COMMENTS = YES;
				CLANG_WARN_EMPTY_BODY = YES;
				CLANG_WARN_ENUM_CONVERSION = YES;
				CLANG_WARN_INFINITE_RECURSION = YES;
				CLANG_WARN_INT_CONVERSION = YES;
				CLANG_WARN_NON_LITERAL_NULL_CONVERSION = YES;
				CLANG_WARN_OBJC_IMPLICIT_RETAIN_SELF = YES;
				CLANG_WARN_OBJC_LITERAL_CONVERSION = YES;
				CLANG_WARN_OBJC_ROOT_CLASS = YES_ERROR;
				CLANG_WARN_QUOTED_INCLUDE_IN_FRAMEWORK_HEADER = YES;
				CLANG_WARN_RANGE_LOOP_ANALYSIS = YES;
				CLANG_WARN_STRICT_PROTOTYPES = YES;
				CLANG_WARN_SUSPICIOUS_MOVE = YES;
				CLANG_WARN_UNGUARDED_AVAILABILITY = YES_AGGRESSIVE;
				CLANG_WARN_UNREACHABLE_CODE = YES;
				CLANG_WARN__DUPLICATE_METHOD_MATCH = YES;
				COPY_PHASE_STRIP = NO;
				DEBUG_INFORMATION_FORMAT = "dwarf-with-dsym";
				ENABLE_NS_ASSERTIONS = NO;
				ENABLE_STRICT_OBJC_MSGSEND = YES;
				ENABLE_USER_SCRIPT_SANDBOXING = YES;
				GCC_C_LANGUAGE_STANDARD = gnu17;
				GCC_NO_COMMON_BLOCKS = YES;
				GCC_WARN_64_TO_32_BIT_CONVERSION = YES;
				GCC_WARN_ABOUT_RETURN_TYPE = YES_ERROR;
				GCC_WARN_UNDECLARED_SELECTOR = YES;
				GCC_WARN_UNINITIALIZED_AUTOS = YES_AGGRESSIVE;
				GCC_WARN_UNUSED_FUNCTION = YES;
				GCC_WARN_UNUSED_VARIABLE = YES;
				IPHONEOS_DEPLOYMENT_TARGET = 17.5;
				LOCALIZATION_PREFERS_STRING_CATALOGS = YES;
				MTL_ENABLE_DEBUG_INFO = NO;
				MTL_FAST_MATH = YES;
				SDKROOT = iphoneos;
				SWIFT_COMPILATION_MODE = wholemodule;
				VALIDATE_PRODUCT = YES;
			};
			name = Release;
		};
		65F00F7D2D799A3C000E7B14 /* Debug */ = {
			isa = XCBuildConfiguration;
			buildSettings = {
				ASSETCATALOG_COMPILER_APPICON_NAME = AppIcon;
				ASSETCATALOG_COMPILER_GLOBAL_ACCENT_COLOR_NAME = AccentColor;
				CODE_SIGN_STYLE = Automatic;
				CURRENT_PROJECT_VERSION = 1;
				DEVELOPMENT_ASSET_PATHS = "\"homesecurity demo 4/Preview Content\"";
				ENABLE_PREVIEWS = YES;
				GENERATE_INFOPLIST_FILE = YES;
				INFOPLIST_KEY_UIApplicationSceneManifest_Generation = YES;
				INFOPLIST_KEY_UIApplicationSupportsIndirectInputEvents = YES;
				INFOPLIST_KEY_UILaunchScreen_Generation = YES;
				INFOPLIST_KEY_UISupportedInterfaceOrientations_iPad = "UIInterfaceOrientationPortrait UIInterfaceOrientationPortraitUpsideDown UIInterfaceOrientationLandscapeLeft UIInterfaceOrientationLandscapeRight";
				INFOPLIST_KEY_UISupportedInterfaceOrientations_iPhone = "UIInterfaceOrientationPortrait UIInterfaceOrientationLandscapeLeft UIInterfaceOrientationLandscapeRight";
				LD_RUNPATH_SEARCH_PATHS = (
					"$(inherited)",
					"@executable_path/Frameworks",
				);
				MARKETING_VERSION = 1.0;
				PRODUCT_BUNDLE_IDENTIFIER = "e.homesecurity-demo-4";
				PRODUCT_NAME = "$(TARGET_NAME)";
				SWIFT_EMIT_LOC_STRINGS = YES;
				SWIFT_VERSION = 5.0;
				TARGETED_DEVICE_FAMILY = "1,2";
			};
			name = Debug;
		};
		65F00F7E2D799A3C000E7B14 /* Release */ = {
			isa = XCBuildConfiguration;
			buildSettings = {
				ASSETCATALOG_COMPILER_APPICON_NAME = AppIcon;
				ASSETCATALOG_COMPILER_GLOBAL_ACCENT_COLOR_NAME = AccentColor;
				CODE_SIGN_STYLE = Automatic;
				CURRENT_PROJECT_VERSION = 1;
				DEVELOPMENT_ASSET_PATHS = "\"homesecurity demo 4/Preview Content\"";
				ENABLE_PREVIEWS = YES;
				GENERATE_INFOPLIST_FILE = YES;
				INFOPLIST_KEY_UIApplicationSceneManifest_Generation = YES;
				INFOPLIST_KEY_UIApplicationSupportsIndirectInputEvents = YES;
				INFOPLIST_KEY_UILaunchScreen_Generation = YES;
				INFOPLIST_KEY_UISupportedInterfaceOrientations_iPad = "UIInterfaceOrientationPortrait UIInterfaceOrientationPortraitUpsideDown UIInterfaceOrientationLandscapeLeft UIInterfaceOrientationLandscapeRight";
				INFOPLIST_KEY_UISupportedInterfaceOrientations_iPhone = "UIInterfaceOrientationPortrait UIInterfaceOrientationLandscapeLeft UIInterfaceOrientationLandscapeRight";
				LD_RUNPATH_SEARCH_PATHS = (
					"$(inherited)",
					"@executable_path/Frameworks",
				);
				MARKETING_VERSION = 1.0;
				PRODUCT_BUNDLE_IDENTIFIER = "e.homesecurity-demo-4";
				PRODUCT_NAME = "$(TARGET_NAME)";
				SWIFT_EMIT_LOC_STRINGS = YES;
				SWIFT_VERSION = 5.0;
				TARGETED_DEVICE_FAMILY = "1,2";
			};
			name = Release;
		};
		65F00F802D799A3C000E7B14 /* Debug */ = {
			isa = XCBuildConfiguration;
			buildSettings = {
				ALWAYS_EMBED_SWIFT_STANDARD_LIBRARIES = YES;
				BUNDLE_LOADER = "$(TEST_HOST)";
				CODE_SIGN_STYLE = Automatic;
				CURRENT_PROJECT_VERSION = 1;
				GENERATE_INFOPLIST_FILE = YES;
				IPHONEOS_DEPLOYMENT_TARGET = 17.5;
				MARKETING_VERSION = 1.0;
				PRODUCT_BUNDLE_IDENTIFIER = "e.homesecurity-demo-4Tests";
				PRODUCT_NAME = "$(TARGET_NAME)";
				SWIFT_EMIT_LOC_STRINGS = NO;
				SWIFT_VERSION = 5.0;
				TARGETED_DEVICE_FAMILY = "1,2";
				TEST_HOST = "$(BUILT_PRODUCTS_DIR)/homesecurity demo 4.app/$(BUNDLE_EXECUTABLE_FOLDER_PATH)/homesecurity demo 4";
			};
			name = Debug;
		};
		65F00F812D799A3C000E7B14 /* Release */ = {
			isa = XCBuildConfiguration;
			buildSettings = {
				ALWAYS_EMBED_SWIFT_STANDARD_LIBRARIES = YES;
				BUNDLE_LOADER = "$(TEST_HOST)";
				CODE_SIGN_STYLE = Automatic;
				CURRENT_PROJECT_VERSION = 1;
				GENERATE_INFOPLIST_FILE = YES;
				IPHONEOS_DEPLOYMENT_TARGET = 17.5;
				MARKETING_VERSION = 1.0;
				PRODUCT_BUNDLE_IDENTIFIER = "e.homesecurity-demo-4Tests";
				PRODUCT_NAME = "$(TARGET_NAME)";
				SWIFT_EMIT_LOC_STRINGS = NO;
				SWIFT_VERSION = 5.0;
				TARGETED_DEVICE_FAMILY = "1,2";
				TEST_HOST = "$(BUILT_PRODUCTS_DIR)/homesecurity demo 4.app/$(BUNDLE_EXECUTABLE_FOLDER_PATH)/homesecurity demo 4";
			};
			name = Release;
		};
		65F00F832D799A3C000E7B14 /* Debug */ = {
			isa = XCBuildConfiguration;
			buildSettings = {
				ALWAYS_EMBED_SWIFT_STANDARD_LIBRARIES = YES;
				CODE_SIGN_STYLE = Automatic;
				CURRENT_PROJECT_VERSION = 1;
				GENERATE_INFOPLIST_FILE = YES;
				MARKETING_VERSION = 1.0;
				PRODUCT_BUNDLE_IDENTIFIER = "e.homesecurity-demo-4UITests";
				PRODUCT_NAME = "$(TARGET_NAME)";
				SWIFT_EMIT_LOC_STRINGS = NO;
				SWIFT_VERSION = 5.0;
				TARGETED_DEVICE_FAMILY = "1,2";
				TEST_TARGET_NAME = "homesecurity demo 4";
			};
			name = Debug;
		};
		65F00F842D799A3C000E7B14 /* Release */ = {
			isa = XCBuildConfiguration;
			buildSettings = {
				ALWAYS_EMBED_SWIFT_STANDARD_LIBRARIES = YES;
				CODE_SIGN_STYLE = Automatic;
				CURRENT_PROJECT_VERSION = 1;
				GENERATE_INFOPLIST_FILE = YES;
				MARKETING_VERSION = 1.0;
				PRODUCT_BUNDLE_IDENTIFIER = "e.homesecurity-demo-4UITests";
				PRODUCT_NAME = "$(TARGET_NAME)";
				SWIFT_EMIT_LOC_STRINGS = NO;
				SWIFT_VERSION = 5.0;
				TARGETED_DEVICE_FAMILY = "1,2";
				TEST_TARGET_NAME = "homesecurity demo 4";
			};
			name = Release;
		};
/* End XCBuildConfiguration section */

/* Begin XCConfigurationList section */
		65F00F532D799A38000E7B14 /* Build configuration list for PBXProject "homesecurity demo 4" */ = {
			isa = XCConfigurationList;
			buildConfigurations = (
				65F00F7A2D799A3C000E7B14 /* Debug */,
				65F00F7B2D799A3C000E7B14 /* Release */,
			);
			defaultConfigurationIsVisible = 0;
			defaultConfigurationName = Release;
		};
		65F00F7C2D799A3C000E7B14 /* Build configuration list for PBXNativeTarget "homesecurity demo 4" */ = {
			isa = XCConfigurationList;
			buildConfigurations = (
				65F00F7D2D799A3C000E7B14 /* Debug */,
				65F00F7E2D799A3C000E7B14 /* Release */,
			);
			defaultConfigurationIsVisible = 0;
			defaultConfigurationName = Release;
		};
		65F00F7F2D799A3C000E7B14 /* Build configuration list for PBXNativeTarget "homesecurity demo 4Tests" */ = {
			isa = XCConfigurationList;
			buildConfigurations = (
				65F00F802D799A3C000E7B14 /* Debug */,
				65F00F812D799A3C000E7B14 /* Release */,
			);
			defaultConfigurationIsVisible = 0;
			defaultConfigurationName = Release;
		};
		65F00F822D799A3C000E7B14 /* Build configuration list for PBXNativeTarget "homesecurity demo 4UITests" */ = {
			isa = XCConfigurationList;
			buildConfigurations = (
				65F00F832D799A3C000E7B14 /* Debug */,
				65F00F842D799A3C000E7B14 /* Release */,
			);
			defaultConfigurationIsVisible = 0;
			defaultConfigurationName = Release;
		};
/* End XCConfigurationList section */
	};
	rootObject = 65F00F502D799A38000E7B14 /* Project object */;
}
