// !$*UTF8*$!
{
	archiveVersion = 1;
	classes = {
	};
	objectVersion = 56;
	objects = {

/* Begin PBXBuildFile section */
		28A3EDA02D7DCE3200CDF95B /* MainTabbedView.swift in Sources */ = {isa = PBXBuildFile; fileRef = 28A3ED9F2D7DCE2F00CDF95B /* MainTabbedView.swift */; };
		28A3EDA22D7DCE5300CDF95B /* SideMenu.swift in Sources */ = {isa = PBXBuildFile; fileRef = 28A3EDA12D7DCE5200CDF95B /* SideMenu.swift */; };
		28A3EDA42D7DCE9F00CDF95B /* SideMenuRowType.swift in Sources */ = {isa = PBXBuildFile; fileRef = 28A3EDA32D7DCE9E00CDF95B /* SideMenuRowType.swift */; };
		28A3EDA62D7DCF3000CDF95B /* SideMenuView.swift in Sources */ = {isa = PBXBuildFile; fileRef = 28A3EDA52D7DCF2F00CDF95B /* SideMenuView.swift */; };
		28A3EDA82D7DD41700CDF95B /* Favorite.swift in Sources */ = {isa = PBXBuildFile; fileRef = 28A3EDA72D7DD40E00CDF95B /* Favorite.swift */; };
		28A3EDAA2D7DD43C00CDF95B /* Chat.swift in Sources */ = {isa = PBXBuildFile; fileRef = 28A3EDA92D7DD43B00CDF95B /* Chat.swift */; };
		28A3EDAC2D7DD45A00CDF95B /* Profile.swift in Sources */ = {isa = PBXBuildFile; fileRef = 28A3EDAB2D7DD45900CDF95B /* Profile.swift */; };
		28A3EDAE2D7DD4CB00CDF95B /* Home.swift in Sources */ = {isa = PBXBuildFile; fileRef = 28A3EDAD2D7DD4C900CDF95B /* Home.swift */; };
		28A3EDB12D7F1F9500CDF95B /* APIService.swift in Sources */ = {isa = PBXBuildFile; fileRef = 28A3EDB02D7F1F9300CDF95B /* APIService.swift */; };
		28A3EDB62D7F202A00CDF95B /* User.swift in Sources */ = {isa = PBXBuildFile; fileRef = 28A3EDB52D7F202700CDF95B /* User.swift */; };
		28A3EDB82D7F207C00CDF95B /* UserController.swift in Sources */ = {isa = PBXBuildFile; fileRef = 28A3EDB72D7F207600CDF95B /* UserController.swift */; };
		28A3EDBB2D7F27B700CDF95B /* UserViewModel.swift in Sources */ = {isa = PBXBuildFile; fileRef = 28A3EDBA2D7F27B100CDF95B /* UserViewModel.swift */; };
		28A3EDBE2D7FCD0C00CDF95B /* FirebaseAnalytics in Frameworks */ = {isa = PBXBuildFile; productRef = 28A3EDBD2D7FCD0C00CDF95B /* FirebaseAnalytics */; };
		28A3EDC02D7FCD0C00CDF95B /* FirebaseAnalyticsOnDeviceConversion in Frameworks */ = {isa = PBXBuildFile; productRef = 28A3EDBF2D7FCD0C00CDF95B /* FirebaseAnalyticsOnDeviceConversion */; };
		28A3EDC22D7FCD0C00CDF95B /* FirebaseAnalyticsWithoutAdIdSupport in Frameworks */ = {isa = PBXBuildFile; productRef = 28A3EDC12D7FCD0C00CDF95B /* FirebaseAnalyticsWithoutAdIdSupport */; };
		28A3EDC42D7FCD0C00CDF95B /* FirebaseAppCheck in Frameworks */ = {isa = PBXBuildFile; productRef = 28A3EDC32D7FCD0C00CDF95B /* FirebaseAppCheck */; };
		28A3EDC62D7FCD0C00CDF95B /* FirebaseAppDistribution-Beta in Frameworks */ = {isa = PBXBuildFile; productRef = 28A3EDC52D7FCD0C00CDF95B /* FirebaseAppDistribution-Beta */; };
		28A3EDC82D7FCD0C00CDF95B /* FirebaseAuth in Frameworks */ = {isa = PBXBuildFile; productRef = 28A3EDC72D7FCD0C00CDF95B /* FirebaseAuth */; };
		28A3EDCA2D7FCD0C00CDF95B /* FirebaseAuthCombine-Community in Frameworks */ = {isa = PBXBuildFile; productRef = 28A3EDC92D7FCD0C00CDF95B /* FirebaseAuthCombine-Community */; };
		28A3EDCC2D7FCD0C00CDF95B /* FirebaseCore in Frameworks */ = {isa = PBXBuildFile; productRef = 28A3EDCB2D7FCD0C00CDF95B /* FirebaseCore */; };
		28A3EDCE2D7FCD0C00CDF95B /* FirebaseCrashlytics in Frameworks */ = {isa = PBXBuildFile; productRef = 28A3EDCD2D7FCD0C00CDF95B /* FirebaseCrashlytics */; };
		28A3EDD02D7FCD0C00CDF95B /* FirebaseDatabase in Frameworks */ = {isa = PBXBuildFile; productRef = 28A3EDCF2D7FCD0C00CDF95B /* FirebaseDatabase */; };
		28A3EDD22D7FCD0C00CDF95B /* FirebaseDynamicLinks in Frameworks */ = {isa = PBXBuildFile; productRef = 28A3EDD12D7FCD0C00CDF95B /* FirebaseDynamicLinks */; };
		28A3EDD42D7FCD0C00CDF95B /* FirebaseFirestore in Frameworks */ = {isa = PBXBuildFile; productRef = 28A3EDD32D7FCD0C00CDF95B /* FirebaseFirestore */; };
		28A3EDD62D7FCD0C00CDF95B /* FirebaseInAppMessaging-Beta in Frameworks */ = {isa = PBXBuildFile; productRef = 28A3EDD52D7FCD0C00CDF95B /* FirebaseInAppMessaging-Beta */; };
		28A3EDD82D7FCD0C00CDF95B /* FirebaseMessaging in Frameworks */ = {isa = PBXBuildFile; productRef = 28A3EDD72D7FCD0C00CDF95B /* FirebaseMessaging */; };
		28A3EDDC2D7FCFEE00CDF95B /* GoogleService-Info.plist in Resources */ = {isa = PBXBuildFile; fileRef = 28A3EDDB2D7FCFEE00CDF95B /* GoogleService-Info.plist */; };
		654036D82D8C0C3F00E8EA58 /* Login.swift in Sources */ = {isa = PBXBuildFile; fileRef = 654036D72D8C0C3F00E8EA58 /* Login.swift */; };
		654036DA2D8C0C7100E8EA58 /* Register.swift in Sources */ = {isa = PBXBuildFile; fileRef = 654036D92D8C0C7100E8EA58 /* Register.swift */; };
		65F00F5C2D799A38000E7B14 /* homesecurity_demo_4App.swift in Sources */ = {isa = PBXBuildFile; fileRef = 65F00F5B2D799A38000E7B14 /* homesecurity_demo_4App.swift */; };
		65F00F5E2D799A38000E7B14 /* ContentView.swift in Sources */ = {isa = PBXBuildFile; fileRef = 65F00F5D2D799A38000E7B14 /* ContentView.swift */; };
		65F00F602D799A3C000E7B14 /* Assets.xcassets in Resources */ = {isa = PBXBuildFile; fileRef = 65F00F5F2D799A3C000E7B14 /* Assets.xcassets */; };
		65F00F632D799A3C000E7B14 /* Preview Assets.xcassets in Resources */ = {isa = PBXBuildFile; fileRef = 65F00F622D799A3C000E7B14 /* Preview Assets.xcassets */; };
		65F00F6D2D799A3C000E7B14 /* homesecurity_demo_4Tests.swift in Sources */ = {isa = PBXBuildFile; fileRef = 65F00F6C2D799A3C000E7B14 /* homesecurity_demo_4Tests.swift */; };
		65F00F772D799A3C000E7B14 /* homesecurity_demo_4UITests.swift in Sources */ = {isa = PBXBuildFile; fileRef = 65F00F762D799A3C000E7B14 /* homesecurity_demo_4UITests.swift */; };
		65F00F792D799A3C000E7B14 /* homesecurity_demo_4UITestsLaunchTests.swift in Sources */ = {isa = PBXBuildFile; fileRef = 65F00F782D799A3C000E7B14 /* homesecurity_demo_4UITestsLaunchTests.swift */; };
/* End PBXBuildFile section */

/* Begin PBXContainerItemProxy section */
		65F00F692D799A3C000E7B14 /* PBXContainerItemProxy */ = {
			isa = PBXContainerItemProxy;
			containerPortal = 65F00F502D799A38000E7B14 /* Project object */;
			proxyType = 1;
			remoteGlobalIDString = 65F00F572D799A38000E7B14;
			remoteInfo = "homesecurity demo 4";
		};
		65F00F732D799A3C000E7B14 /* PBXContainerItemProxy */ = {
			isa = PBXContainerItemProxy;
			containerPortal = 65F00F502D799A38000E7B14 /* Project object */;
			proxyType = 1;
			remoteGlobalIDString = 65F00F572D799A38000E7B14;
			remoteInfo = "homesecurity demo 4";
		};
/* End PBXContainerItemProxy section */

/* Begin PBXFileReference section */
		28A32A6A2D7FD7F400227B5D /* homesecurity demo 4.entitlements */ = {isa = PBXFileReference; lastKnownFileType = text.plist.entitlements; path = "homesecurity demo 4.entitlements"; sourceTree = "<group>"; };
		28A32A6B2D7FD80100227B5D /* homesecurity-demo-4-Info.plist */ = {isa = PBXFileReference; lastKnownFileType = text.plist; path = "homesecurity-demo-4-Info.plist"; sourceTree = SOURCE_ROOT; };
		28A3ED9F2D7DCE2F00CDF95B /* MainTabbedView.swift */ = {isa = PBXFileReference; lastKnownFileType = sourcecode.swift; path = MainTabbedView.swift; sourceTree = "<group>"; };
		28A3EDA12D7DCE5200CDF95B /* SideMenu.swift */ = {isa = PBXFileReference; lastKnownFileType = sourcecode.swift; path = SideMenu.swift; sourceTree = "<group>"; };
		28A3EDA32D7DCE9E00CDF95B /* SideMenuRowType.swift */ = {isa = PBXFileReference; lastKnownFileType = sourcecode.swift; path = SideMenuRowType.swift; sourceTree = "<group>"; };
		28A3EDA52D7DCF2F00CDF95B /* SideMenuView.swift */ = {isa = PBXFileReference; lastKnownFileType = sourcecode.swift; path = SideMenuView.swift; sourceTree = "<group>"; };
		28A3EDA72D7DD40E00CDF95B /* Favorite.swift */ = {isa = PBXFileReference; lastKnownFileType = sourcecode.swift; path = Favorite.swift; sourceTree = "<group>"; };
		28A3EDA92D7DD43B00CDF95B /* Chat.swift */ = {isa = PBXFileReference; lastKnownFileType = sourcecode.swift; path = Chat.swift; sourceTree = "<group>"; };
		28A3EDAB2D7DD45900CDF95B /* Profile.swift */ = {isa = PBXFileReference; lastKnownFileType = sourcecode.swift; path = Profile.swift; sourceTree = "<group>"; };
		28A3EDAD2D7DD4C900CDF95B /* Home.swift */ = {isa = PBXFileReference; lastKnownFileType = sourcecode.swift; path = Home.swift; sourceTree = "<group>"; };
		28A3EDB02D7F1F9300CDF95B /* APIService.swift */ = {isa = PBXFileReference; lastKnownFileType = sourcecode.swift; path = APIService.swift; sourceTree = "<group>"; };
		28A3EDB52D7F202700CDF95B /* User.swift */ = {isa = PBXFileReference; lastKnownFileType = sourcecode.swift; path = User.swift; sourceTree = "<group>"; };
		28A3EDB72D7F207600CDF95B /* UserController.swift */ = {isa = PBXFileReference; lastKnownFileType = sourcecode.swift; path = UserController.swift; sourceTree = "<group>"; };
		28A3EDBA2D7F27B100CDF95B /* UserViewModel.swift */ = {isa = PBXFileReference; lastKnownFileType = sourcecode.swift; path = UserViewModel.swift; sourceTree = "<group>"; };
		28A3EDDB2D7FCFEE00CDF95B /* GoogleService-Info.plist */ = {isa = PBXFileReference; lastKnownFileType = text.plist.xml; path = "GoogleService-Info.plist"; sourceTree = "<group>"; };
		654036D72D8C0C3F00E8EA58 /* Login.swift */ = {isa = PBXFileReference; lastKnownFileType = sourcecode.swift; path = Login.swift; sourceTree = "<group>"; };
		654036D92D8C0C7100E8EA58 /* Register.swift */ = {isa = PBXFileReference; lastKnownFileType = sourcecode.swift; path = Register.swift; sourceTree = "<group>"; };
		65F00F582D799A38000E7B14 /* homesecurity demo 4.app */ = {isa = PBXFileReference; explicitFileType = wrapper.application; includeInIndex = 0; path = "homesecurity demo 4.app"; sourceTree = BUILT_PRODUCTS_DIR; };
		65F00F5B2D799A38000E7B14 /* homesecurity_demo_4App.swift */ = {isa = PBXFileReference; lastKnownFileType = sourcecode.swift; path = homesecurity_demo_4App.swift; sourceTree = "<group>"; };
		65F00F5D2D799A38000E7B14 /* ContentView.swift */ = {isa = PBXFileReference; lastKnownFileType = sourcecode.swift; path = ContentView.swift; sourceTree = "<group>"; };
		65F00F5F2D799A3C000E7B14 /* Assets.xcassets */ = {isa = PBXFileReference; lastKnownFileType = folder.assetcatalog; path = Assets.xcassets; sourceTree = "<group>"; };
		65F00F622D799A3C000E7B14 /* Preview Assets.xcassets */ = {isa = PBXFileReference; lastKnownFileType = folder.assetcatalog; path = "Preview Assets.xcassets"; sourceTree = "<group>"; };
		65F00F682D799A3C000E7B14 /* homesecurity demo 4Tests.xctest */ = {isa = PBXFileReference; explicitFileType = wrapper.cfbundle; includeInIndex = 0; path = "homesecurity demo 4Tests.xctest"; sourceTree = BUILT_PRODUCTS_DIR; };
		65F00F6C2D799A3C000E7B14 /* homesecurity_demo_4Tests.swift */ = {isa = PBXFileReference; lastKnownFileType = sourcecode.swift; path = homesecurity_demo_4Tests.swift; sourceTree = "<group>"; };
		65F00F722D799A3C000E7B14 /* homesecurity demo 4UITests.xctest */ = {isa = PBXFileReference; explicitFileType = wrapper.cfbundle; includeInIndex = 0; path = "homesecurity demo 4UITests.xctest"; sourceTree = BUILT_PRODUCTS_DIR; };
		65F00F762D799A3C000E7B14 /* homesecurity_demo_4UITests.swift */ = {isa = PBXFileReference; lastKnownFileType = sourcecode.swift; path = homesecurity_demo_4UITests.swift; sourceTree = "<group>"; };
		65F00F782D799A3C000E7B14 /* homesecurity_demo_4UITestsLaunchTests.swift */ = {isa = PBXFileReference; lastKnownFileType = sourcecode.swift; path = homesecurity_demo_4UITestsLaunchTests.swift; sourceTree = "<group>"; };
/* End PBXFileReference section */

/* Begin PBXFrameworksBuildPhase section */
		65F00F552D799A38000E7B14 /* Frameworks */ = {
			isa = PBXFrameworksBuildPhase;
			buildActionMask = 2147483647;
			files = (
				28A3EDD62D7FCD0C00CDF95B /* FirebaseInAppMessaging-Beta in Frameworks */,
				28A3EDD02D7FCD0C00CDF95B /* FirebaseDatabase in Frameworks */,
				28A3EDD82D7FCD0C00CDF95B /* FirebaseMessaging in Frameworks */,
				28A3EDD22D7FCD0C00CDF95B /* FirebaseDynamicLinks in Frameworks */,
				28A3EDC42D7FCD0C00CDF95B /* FirebaseAppCheck in Frameworks */,
				28A3EDC82D7FCD0C00CDF95B /* FirebaseAuth in Frameworks */,
				28A3EDBE2D7FCD0C00CDF95B /* FirebaseAnalytics in Frameworks */,
				28A3EDD42D7FCD0C00CDF95B /* FirebaseFirestore in Frameworks */,
				28A3EDC62D7FCD0C00CDF95B /* FirebaseAppDistribution-Beta in Frameworks */,
				28A3EDC22D7FCD0C00CDF95B /* FirebaseAnalyticsWithoutAdIdSupport in Frameworks */,
				28A3EDCA2D7FCD0C00CDF95B /* FirebaseAuthCombine-Community in Frameworks */,
				28A3EDCE2D7FCD0C00CDF95B /* FirebaseCrashlytics in Frameworks */,
				28A3EDCC2D7FCD0C00CDF95B /* FirebaseCore in Frameworks */,
				28A3EDC02D7FCD0C00CDF95B /* FirebaseAnalyticsOnDeviceConversion in Frameworks */,
			);
			runOnlyForDeploymentPostprocessing = 0;
		};
		65F00F652D799A3C000E7B14 /* Frameworks */ = {
			isa = PBXFrameworksBuildPhase;
			buildActionMask = 2147483647;
			files = (
			);
			runOnlyForDeploymentPostprocessing = 0;
		};
		65F00F6F2D799A3C000E7B14 /* Frameworks */ = {
			isa = PBXFrameworksBuildPhase;
			buildActionMask = 2147483647;
			files = (
			);
			runOnlyForDeploymentPostprocessing = 0;
		};
/* End PBXFrameworksBuildPhase section */

/* Begin PBXGroup section */
		28A3EDAF2D7F1F8500CDF95B /* Networking */ = {
			isa = PBXGroup;
			children = (
				28A3EDB02D7F1F9300CDF95B /* APIService.swift */,
			);
			path = Networking;
			sourceTree = "<group>";
		};
		28A3EDB32D7F1FB200CDF95B /* Models */ = {
			isa = PBXGroup;
			children = (
				28A3EDB52D7F202700CDF95B /* User.swift */,
			);
			path = Models;
			sourceTree = "<group>";
		};
		28A3EDB42D7F1FF000CDF95B /* ViewControllers */ = {
			isa = PBXGroup;
			children = (
				28A3EDB72D7F207600CDF95B /* UserController.swift */,
			);
			path = ViewControllers;
			sourceTree = "<group>";
		};
		28A3EDB92D7F278800CDF95B /* ViewModels */ = {
			isa = PBXGroup;
			children = (
				28A3EDBA2D7F27B100CDF95B /* UserViewModel.swift */,
			);
			path = ViewModels;
			sourceTree = "<group>";
		};
		65F00F4F2D799A38000E7B14 = {
			isa = PBXGroup;
			children = (
				65F00F5A2D799A38000E7B14 /* homesecurity demo 4 */,
				65F00F6B2D799A3C000E7B14 /* homesecurity demo 4Tests */,
				65F00F752D799A3C000E7B14 /* homesecurity demo 4UITests */,
				65F00F592D799A38000E7B14 /* Products */,
			);
			sourceTree = "<group>";
		};
		65F00F592D799A38000E7B14 /* Products */ = {
			isa = PBXGroup;
			children = (
				65F00F582D799A38000E7B14 /* homesecurity demo 4.app */,
				65F00F682D799A3C000E7B14 /* homesecurity demo 4Tests.xctest */,
				65F00F722D799A3C000E7B14 /* homesecurity demo 4UITests.xctest */,
			);
			name = Products;
			sourceTree = "<group>";
		};
		65F00F5A2D799A38000E7B14 /* homesecurity demo 4 */ = {
			isa = PBXGroup;
			children = (
				28A32A6B2D7FD80100227B5D /* homesecurity-demo-4-Info.plist */,
				28A32A6A2D7FD7F400227B5D /* homesecurity demo 4.entitlements */,
				28A3EDB92D7F278800CDF95B /* ViewModels */,
				28A3EDB42D7F1FF000CDF95B /* ViewControllers */,
				28A3EDB32D7F1FB200CDF95B /* Models */,
				28A3EDAF2D7F1F8500CDF95B /* Networking */,
				28A3EDAD2D7DD4C900CDF95B /* Home.swift */,
				28A3EDAB2D7DD45900CDF95B /* Profile.swift */,
				28A3EDA92D7DD43B00CDF95B /* Chat.swift */,
				28A3EDA72D7DD40E00CDF95B /* Favorite.swift */,
				654036D72D8C0C3F00E8EA58 /* Login.swift */,
				654036D92D8C0C7100E8EA58 /* Register.swift */,
				28A3EDA52D7DCF2F00CDF95B /* SideMenuView.swift */,
				28A3EDA32D7DCE9E00CDF95B /* SideMenuRowType.swift */,
				28A3EDA12D7DCE5200CDF95B /* SideMenu.swift */,
				28A3ED9F2D7DCE2F00CDF95B /* MainTabbedView.swift */,
				65F00F5B2D799A38000E7B14 /* homesecurity_demo_4App.swift */,
				65F00F5D2D799A38000E7B14 /* ContentView.swift */,
				65F00F5F2D799A3C000E7B14 /* Assets.xcassets */,
				65F00F612D799A3C000E7B14 /* Preview Content */,
				28A3EDDB2D7FCFEE00CDF95B /* GoogleService-Info.plist */,
			);
			path = "homesecurity demo 4";
			sourceTree = "<group>";
		};
		65F00F612D799A3C000E7B14 /* Preview Content */ = {
			isa = PBXGroup;
			children = (
				65F00F622D799A3C000E7B14 /* Preview Assets.xcassets */,
			);
			path = "Preview Content";
			sourceTree = "<group>";
		};
		65F00F6B2D799A3C000E7B14 /* homesecurity demo 4Tests */ = {
			isa = PBXGroup;
			children = (
				65F00F6C2D799A3C000E7B14 /* homesecurity_demo_4Tests.swift */,
			);
			path = "homesecurity demo 4Tests";
			sourceTree = "<group>";
		};
		65F00F752D799A3C000E7B14 /* homesecurity demo 4UITests */ = {
			isa = PBXGroup;
			children = (
				65F00F762D799A3C000E7B14 /* homesecurity_demo_4UITests.swift */,
				65F00F782D799A3C000E7B14 /* homesecurity_demo_4UITestsLaunchTests.swift */,
			);
			path = "homesecurity demo 4UITests";
			sourceTree = "<group>";
		};
/* End PBXGroup section */

/* Begin PBXNativeTarget section */
		65F00F572D799A38000E7B14 /* homesecurity demo 4 */ = {
			isa = PBXNativeTarget;
			buildConfigurationList = 65F00F7C2D799A3C000E7B14 /* Build configuration list for PBXNativeTarget "homesecurity demo 4" */;
			buildPhases = (
				65F00F542D799A38000E7B14 /* Sources */,
				65F00F552D799A38000E7B14 /* Frameworks */,
				65F00F562D799A38000E7B14 /* Resources */,
			);
			buildRules = (
			);
			dependencies = (
			);
			name = "homesecurity demo 4";
			productName = "homesecurity demo 4";
			productReference = 65F00F582D799A38000E7B14 /* homesecurity demo 4.app */;
			productType = "com.apple.product-type.application";
		};
		65F00F672D799A3C000E7B14 /* homesecurity demo 4Tests */ = {
			isa = PBXNativeTarget;
			buildConfigurationList = 65F00F7F2D799A3C000E7B14 /* Build configuration list for PBXNativeTarget "homesecurity demo 4Tests" */;
			buildPhases = (
				65F00F642D799A3C000E7B14 /* Sources */,
				65F00F652D799A3C000E7B14 /* Frameworks */,
				65F00F662D799A3C000E7B14 /* Resources */,
			);
			buildRules = (
			);
			dependencies = (
				65F00F6A2D799A3C000E7B14 /* PBXTargetDependency */,
			);
			name = "homesecurity demo 4Tests";
			productName = "homesecurity demo 4Tests";
			productReference = 65F00F682D799A3C000E7B14 /* homesecurity demo 4Tests.xctest */;
			productType = "com.apple.product-type.bundle.unit-test";
		};
		65F00F712D799A3C000E7B14 /* homesecurity demo 4UITests */ = {
			isa = PBXNativeTarget;
			buildConfigurationList = 65F00F822D799A3C000E7B14 /* Build configuration list for PBXNativeTarget "homesecurity demo 4UITests" */;
			buildPhases = (
				65F00F6E2D799A3C000E7B14 /* Sources */,
				65F00F6F2D799A3C000E7B14 /* Frameworks */,
				65F00F702D799A3C000E7B14 /* Resources */,
			);
			buildRules = (
			);
			dependencies = (
				65F00F742D799A3C000E7B14 /* PBXTargetDependency */,
			);
			name = "homesecurity demo 4UITests";
			productName = "homesecurity demo 4UITests";
			productReference = 65F00F722D799A3C000E7B14 /* homesecurity demo 4UITests.xctest */;
			productType = "com.apple.product-type.bundle.ui-testing";
		};
/* End PBXNativeTarget section */

/* Begin PBXProject section */
		65F00F502D799A38000E7B14 /* Project object */ = {
			isa = PBXProject;
			attributes = {
				BuildIndependentTargetsInParallel = 1;
				LastSwiftUpdateCheck = 1540;
				LastUpgradeCheck = 1540;
				TargetAttributes = {
					65F00F572D799A38000E7B14 = {
						CreatedOnToolsVersion = 15.4;
					};
					65F00F672D799A3C000E7B14 = {
						CreatedOnToolsVersion = 15.4;
						TestTargetID = 65F00F572D799A38000E7B14;
					};
					65F00F712D799A3C000E7B14 = {
						CreatedOnToolsVersion = 15.4;
						TestTargetID = 65F00F572D799A38000E7B14;
					};
				};
			};
			buildConfigurationList = 65F00F532D799A38000E7B14 /* Build configuration list for PBXProject "homesecurity demo 4" */;
			compatibilityVersion = "Xcode 14.0";
			developmentRegion = en;
			hasScannedForEncodings = 0;
			knownRegions = (
				en,
				Base,
			);
			mainGroup = 65F00F4F2D799A38000E7B14;
			packageReferences = (
				28A3EDBC2D7FCBFF00CDF95B /* XCRemoteSwiftPackageReference "firebase-ios-sdk" */,
			);
			productRefGroup = 65F00F592D799A38000E7B14 /* Products */;
			projectDirPath = "";
			projectRoot = "";
			targets = (
				65F00F572D799A38000E7B14 /* homesecurity demo 4 */,
				65F00F672D799A3C000E7B14 /* homesecurity demo 4Tests */,
				65F00F712D799A3C000E7B14 /* homesecurity demo 4UITests */,
			);
		};
/* End PBXProject section */

/* Begin PBXResourcesBuildPhase section */
		65F00F562D799A38000E7B14 /* Resources */ = {
			isa = PBXResourcesBuildPhase;
			buildActionMask = 2147483647;
			files = (
				65F00F632D799A3C000E7B14 /* Preview Assets.xcassets in Resources */,
				65F00F602D799A3C000E7B14 /* Assets.xcassets in Resources */,
				28A3EDDC2D7FCFEE00CDF95B /* GoogleService-Info.plist in Resources */,
			);
			runOnlyForDeploymentPostprocessing = 0;
		};
		65F00F662D799A3C000E7B14 /* Resources */ = {
			isa = PBXResourcesBuildPhase;
			buildActionMask = 2147483647;
			files = (
			);
			runOnlyForDeploymentPostprocessing = 0;
		};
		65F00F702D799A3C000E7B14 /* Resources */ = {
			isa = PBXResourcesBuildPhase;
			buildActionMask = 2147483647;
			files = (
			);
			runOnlyForDeploymentPostprocessing = 0;
		};
/* End PBXResourcesBuildPhase section */

/* Begin PBXSourcesBuildPhase section */
		65F00F542D799A38000E7B14 /* Sources */ = {
			isa = PBXSourcesBuildPhase;
			buildActionMask = 2147483647;
			files = (
				28A3EDA62D7DCF3000CDF95B /* SideMenuView.swift in Sources */,
				28A3EDA82D7DD41700CDF95B /* Favorite.swift in Sources */,
				28A3EDAE2D7DD4CB00CDF95B /* Home.swift in Sources */,
				28A3EDA42D7DCE9F00CDF95B /* SideMenuRowType.swift in Sources */,
				28A3EDB12D7F1F9500CDF95B /* APIService.swift in Sources */,
				28A3EDBB2D7F27B700CDF95B /* UserViewModel.swift in Sources */,
				654036D82D8C0C3F00E8EA58 /* Login.swift in Sources */,
				28A3EDB82D7F207C00CDF95B /* UserController.swift in Sources */,
				65F00F5E2D799A38000E7B14 /* ContentView.swift in Sources */,
				65F00F5C2D799A38000E7B14 /* homesecurity_demo_4App.swift in Sources */,
				28A3EDAA2D7DD43C00CDF95B /* Chat.swift in Sources */,
				28A3EDB62D7F202A00CDF95B /* User.swift in Sources */,
				28A3EDA02D7DCE3200CDF95B /* MainTabbedView.swift in Sources */,
				28A3EDAC2D7DD45A00CDF95B /* Profile.swift in Sources */,
				654036DA2D8C0C7100E8EA58 /* Register.swift in Sources */,
				28A3EDA22D7DCE5300CDF95B /* SideMenu.swift in Sources */,
			);
			runOnlyForDeploymentPostprocessing = 0;
		};
		65F00F642D799A3C000E7B14 /* Sources */ = {
			isa = PBXSourcesBuildPhase;
			buildActionMask = 2147483647;
			files = (
				65F00F6D2D799A3C000E7B14 /* homesecurity_demo_4Tests.swift in Sources */,
			);
			runOnlyForDeploymentPostprocessing = 0;
		};
		65F00F6E2D799A3C000E7B14 /* Sources */ = {
			isa = PBXSourcesBuildPhase;
			buildActionMask = 2147483647;
			files = (
				65F00F772D799A3C000E7B14 /* homesecurity_demo_4UITests.swift in Sources */,
				65F00F792D799A3C000E7B14 /* homesecurity_demo_4UITestsLaunchTests.swift in Sources */,
			);
			runOnlyForDeploymentPostprocessing = 0;
		};
/* End PBXSourcesBuildPhase section */

/* Begin PBXTargetDependency section */
		65F00F6A2D799A3C000E7B14 /* PBXTargetDependency */ = {
			isa = PBXTargetDependency;
			target = 65F00F572D799A38000E7B14 /* homesecurity demo 4 */;
			targetProxy = 65F00F692D799A3C000E7B14 /* PBXContainerItemProxy */;
		};
		65F00F742D799A3C000E7B14 /* PBXTargetDependency */ = {
			isa = PBXTargetDependency;
			target = 65F00F572D799A38000E7B14 /* homesecurity demo 4 */;
			targetProxy = 65F00F732D799A3C000E7B14 /* PBXContainerItemProxy */;
		};
/* End PBXTargetDependency section */

/* Begin XCBuildConfiguration section */
		65F00F7A2D799A3C000E7B14 /* Debug */ = {
			isa = XCBuildConfiguration;
			buildSettings = {
				ALWAYS_SEARCH_USER_PATHS = NO;
				ASSETCATALOG_COMPILER_GENERATE_SWIFT_ASSET_SYMBOL_EXTENSIONS = YES;
				CLANG_ANALYZER_NONNULL = YES;
				CLANG_ANALYZER_NUMBER_OBJECT_CONVERSION = YES_AGGRESSIVE;
				CLANG_CXX_LANGUAGE_STANDARD = "gnu++20";
				CLANG_ENABLE_MODULES = YES;
				CLANG_ENABLE_OBJC_ARC = YES;
				CLANG_ENABLE_OBJC_WEAK = YES;
				CLANG_WARN_BLOCK_CAPTURE_AUTORELEASING = YES;
				CLANG_WARN_BOOL_CONVERSION = YES;
				CLANG_WARN_COMMA = YES;
				CLANG_WARN_CONSTANT_CONVERSION = YES;
				CLANG_WARN_DEPRECATED_OBJC_IMPLEMENTATIONS = YES;
				CLANG_WARN_DIRECT_OBJC_ISA_USAGE = YES_ERROR;
				CLANG_WARN_DOCUMENTATION_COMMENTS = YES;
				CLANG_WARN_EMPTY_BODY = YES;
				CLANG_WARN_ENUM_CONVERSION = YES;
				CLANG_WARN_INFINITE_RECURSION = YES;
				CLANG_WARN_INT_CONVERSION = YES;
				CLANG_WARN_NON_LITERAL_NULL_CONVERSION = YES;
				CLANG_WARN_OBJC_IMPLICIT_RETAIN_SELF = YES;
				CLANG_WARN_OBJC_LITERAL_CONVERSION = YES;
				CLANG_WARN_OBJC_ROOT_CLASS = YES_ERROR;
				CLANG_WARN_QUOTED_INCLUDE_IN_FRAMEWORK_HEADER = YES;
				CLANG_WARN_RANGE_LOOP_ANALYSIS = YES;
				CLANG_WARN_STRICT_PROTOTYPES = YES;
				CLANG_WARN_SUSPICIOUS_MOVE = YES;
				CLANG_WARN_UNGUARDED_AVAILABILITY = YES_AGGRESSIVE;
				CLANG_WARN_UNREACHABLE_CODE = YES;
				CLANG_WARN__DUPLICATE_METHOD_MATCH = YES;
				COPY_PHASE_STRIP = NO;
				DEBUG_INFORMATION_FORMAT = dwarf;
				ENABLE_STRICT_OBJC_MSGSEND = YES;
				ENABLE_TESTABILITY = YES;
				ENABLE_USER_SCRIPT_SANDBOXING = YES;
				GCC_C_LANGUAGE_STANDARD = gnu17;
				GCC_DYNAMIC_NO_PIC = NO;
				GCC_NO_COMMON_BLOCKS = YES;
				GCC_OPTIMIZATION_LEVEL = 0;
				GCC_PREPROCESSOR_DEFINITIONS = (
					"DEBUG=1",
					"$(inherited)",
				);
				GCC_WARN_64_TO_32_BIT_CONVERSION = YES;
				GCC_WARN_ABOUT_RETURN_TYPE = YES_ERROR;
				GCC_WARN_UNDECLARED_SELECTOR = YES;
				GCC_WARN_UNINITIALIZED_AUTOS = YES_AGGRESSIVE;
				GCC_WARN_UNUSED_FUNCTION = YES;
				GCC_WARN_UNUSED_VARIABLE = YES;
				IPHONEOS_DEPLOYMENT_TARGET = 17.5;
				LOCALIZATION_PREFERS_STRING_CATALOGS = YES;
				MTL_ENABLE_DEBUG_INFO = INCLUDE_SOURCE;
				MTL_FAST_MATH = YES;
				ONLY_ACTIVE_ARCH = YES;
				SDKROOT = iphoneos;
				SWIFT_ACTIVE_COMPILATION_CONDITIONS = "DEBUG $(inherited)";
				SWIFT_OPTIMIZATION_LEVEL = "-Onone";
			};
			name = Debug;
		};
		65F00F7B2D799A3C000E7B14 /* Release */ = {
			isa = XCBuildConfiguration;
			buildSettings = {
				ALWAYS_SEARCH_USER_PATHS = NO;
				ASSETCATALOG_COMPILER_GENERATE_SWIFT_ASSET_SYMBOL_EXTENSIONS = YES;
				CLANG_ANALYZER_NONNULL = YES;
				CLANG_ANALYZER_NUMBER_OBJECT_CONVERSION = YES_AGGRESSIVE;
				CLANG_CXX_LANGUAGE_STANDARD = "gnu++20";
				CLANG_ENABLE_MODULES = YES;
				CLANG_ENABLE_OBJC_ARC = YES;
				CLANG_ENABLE_OBJC_WEAK = YES;
				CLANG_WARN_BLOCK_CAPTURE_AUTORELEASING = YES;
				CLANG_WARN_BOOL_CONVERSION = YES;
				CLANG_WARN_COMMA = YES;
				CLANG_WARN_CONSTANT_CONVERSION = YES;
				CLANG_WARN_DEPRECATED_OBJC_IMPLEMENTATIONS = YES;
				CLANG_WARN_DIRECT_OBJC_ISA_USAGE = YES_ERROR;
				CLANG_WARN_DOCUMENTATION_COMMENTS = YES;
				CLANG_WARN_EMPTY_BODY = YES;
				CLANG_WARN_ENUM_CONVERSION = YES;
				CLANG_WARN_INFINITE_RECURSION = YES;
				CLANG_WARN_INT_CONVERSION = YES;
				CLANG_WARN_NON_LITERAL_NULL_CONVERSION = YES;
				CLANG_WARN_OBJC_IMPLICIT_RETAIN_SELF = YES;
				CLANG_WARN_OBJC_LITERAL_CONVERSION = YES;
				CLANG_WARN_OBJC_ROOT_CLASS = YES_ERROR;
				CLANG_WARN_QUOTED_INCLUDE_IN_FRAMEWORK_HEADER = YES;
				CLANG_WARN_RANGE_LOOP_ANALYSIS = YES;
				CLANG_WARN_STRICT_PROTOTYPES = YES;
				CLANG_WARN_SUSPICIOUS_MOVE = YES;
				CLANG_WARN_UNGUARDED_AVAILABILITY = YES_AGGRESSIVE;
				CLANG_WARN_UNREACHABLE_CODE = YES;
				CLANG_WARN__DUPLICATE_METHOD_MATCH = YES;
				COPY_PHASE_STRIP = NO;
				DEBUG_INFORMATION_FORMAT = "dwarf-with-dsym";
				ENABLE_NS_ASSERTIONS = NO;
				ENABLE_STRICT_OBJC_MSGSEND = YES;
				ENABLE_USER_SCRIPT_SANDBOXING = YES;
				GCC_C_LANGUAGE_STANDARD = gnu17;
				GCC_NO_COMMON_BLOCKS = YES;
				GCC_WARN_64_TO_32_BIT_CONVERSION = YES;
				GCC_WARN_ABOUT_RETURN_TYPE = YES_ERROR;
				GCC_WARN_UNDECLARED_SELECTOR = YES;
				GCC_WARN_UNINITIALIZED_AUTOS = YES_AGGRESSIVE;
				GCC_WARN_UNUSED_FUNCTION = YES;
				GCC_WARN_UNUSED_VARIABLE = YES;
				IPHONEOS_DEPLOYMENT_TARGET = 17.5;
				LOCALIZATION_PREFERS_STRING_CATALOGS = YES;
				MTL_ENABLE_DEBUG_INFO = NO;
				MTL_FAST_MATH = YES;
				SDKROOT = iphoneos;
				SWIFT_COMPILATION_MODE = wholemodule;
				VALIDATE_PRODUCT = YES;
			};
			name = Release;
		};
		65F00F7D2D799A3C000E7B14 /* Debug */ = {
			isa = XCBuildConfiguration;
			buildSettings = {
				ASSETCATALOG_COMPILER_APPICON_NAME = AppIcon;
				ASSETCATALOG_COMPILER_GLOBAL_ACCENT_COLOR_NAME = AccentColor;
				CODE_SIGN_ENTITLEMENTS = "homesecurity demo 4/homesecurity demo 4.entitlements";
				CODE_SIGN_STYLE = Automatic;
				CURRENT_PROJECT_VERSION = 1;
				DEVELOPMENT_ASSET_PATHS = "\"homesecurity demo 4/Preview Content\"";
				DEVELOPMENT_TEAM = "";
				ENABLE_PREVIEWS = YES;
				GENERATE_INFOPLIST_FILE = YES;
				INFOPLIST_FILE = "homesecurity-demo-4-Info.plist";
				INFOPLIST_KEY_UIApplicationSceneManifest_Generation = YES;
				INFOPLIST_KEY_UIApplicationSupportsIndirectInputEvents = YES;
				INFOPLIST_KEY_UILaunchScreen_Generation = YES;
				INFOPLIST_KEY_UISupportedInterfaceOrientations_iPad = "UIInterfaceOrientationPortrait UIInterfaceOrientationPortraitUpsideDown UIInterfaceOrientationLandscapeLeft UIInterfaceOrientationLandscapeRight";
				INFOPLIST_KEY_UISupportedInterfaceOrientations_iPhone = "UIInterfaceOrientationPortrait UIInterfaceOrientationLandscapeLeft UIInterfaceOrientationLandscapeRight";
				LD_RUNPATH_SEARCH_PATHS = (
					"$(inherited)",
					"@executable_path/Frameworks",
				);
				MARKETING_VERSION = 1.0;
				PRODUCT_BUNDLE_IDENTIFIER = "e.homesecurity-demo-4";
				PRODUCT_NAME = "$(TARGET_NAME)";
				SWIFT_EMIT_LOC_STRINGS = YES;
				SWIFT_VERSION = 5.0;
				TARGETED_DEVICE_FAMILY = "1,2";
			};
			name = Debug;
		};
		65F00F7E2D799A3C000E7B14 /* Release */ = {
			isa = XCBuildConfiguration;
			buildSettings = {
				ASSETCATALOG_COMPILER_APPICON_NAME = AppIcon;
				ASSETCATALOG_COMPILER_GLOBAL_ACCENT_COLOR_NAME = AccentColor;
				CODE_SIGN_ENTITLEMENTS = "homesecurity demo 4/homesecurity demo 4.entitlements";
				CODE_SIGN_STYLE = Automatic;
				CURRENT_PROJECT_VERSION = 1;
				DEVELOPMENT_ASSET_PATHS = "\"homesecurity demo 4/Preview Content\"";
				DEVELOPMENT_TEAM = "";
				ENABLE_PREVIEWS = YES;
				GENERATE_INFOPLIST_FILE = YES;
				INFOPLIST_FILE = "homesecurity-demo-4-Info.plist";
				INFOPLIST_KEY_UIApplicationSceneManifest_Generation = YES;
				INFOPLIST_KEY_UIApplicationSupportsIndirectInputEvents = YES;
				INFOPLIST_KEY_UILaunchScreen_Generation = YES;
				INFOPLIST_KEY_UISupportedInterfaceOrientations_iPad = "UIInterfaceOrientationPortrait UIInterfaceOrientationPortraitUpsideDown UIInterfaceOrientationLandscapeLeft UIInterfaceOrientationLandscapeRight";
				INFOPLIST_KEY_UISupportedInterfaceOrientations_iPhone = "UIInterfaceOrientationPortrait UIInterfaceOrientationLandscapeLeft UIInterfaceOrientationLandscapeRight";
				LD_RUNPATH_SEARCH_PATHS = (
					"$(inherited)",
					"@executable_path/Frameworks",
				);
				MARKETING_VERSION = 1.0;
				PRODUCT_BUNDLE_IDENTIFIER = "e.homesecurity-demo-4";
				PRODUCT_NAME = "$(TARGET_NAME)";
				SWIFT_EMIT_LOC_STRINGS = YES;
				SWIFT_VERSION = 5.0;
				TARGETED_DEVICE_FAMILY = "1,2";
			};
			name = Release;
		};
		65F00F802D799A3C000E7B14 /* Debug */ = {
			isa = XCBuildConfiguration;
			buildSettings = {
				ALWAYS_EMBED_SWIFT_STANDARD_LIBRARIES = YES;
				BUNDLE_LOADER = "$(TEST_HOST)";
				CODE_SIGN_STYLE = Automatic;
				CURRENT_PROJECT_VERSION = 1;
				GENERATE_INFOPLIST_FILE = YES;
				IPHONEOS_DEPLOYMENT_TARGET = 17.5;
				MARKETING_VERSION = 1.0;
				PRODUCT_BUNDLE_IDENTIFIER = "e.homesecurity-demo-4Tests";
				PRODUCT_NAME = "$(TARGET_NAME)";
				SWIFT_EMIT_LOC_STRINGS = NO;
				SWIFT_VERSION = 5.0;
				TARGETED_DEVICE_FAMILY = "1,2";
				TEST_HOST = "$(BUILT_PRODUCTS_DIR)/homesecurity demo 4.app/$(BUNDLE_EXECUTABLE_FOLDER_PATH)/homesecurity demo 4";
			};
			name = Debug;
		};
		65F00F812D799A3C000E7B14 /* Release */ = {
			isa = XCBuildConfiguration;
			buildSettings = {
				ALWAYS_EMBED_SWIFT_STANDARD_LIBRARIES = YES;
				BUNDLE_LOADER = "$(TEST_HOST)";
				CODE_SIGN_STYLE = Automatic;
				CURRENT_PROJECT_VERSION = 1;
				GENERATE_INFOPLIST_FILE = YES;
				IPHONEOS_DEPLOYMENT_TARGET = 17.5;
				MARKETING_VERSION = 1.0;
				PRODUCT_BUNDLE_IDENTIFIER = "e.homesecurity-demo-4Tests";
				PRODUCT_NAME = "$(TARGET_NAME)";
				SWIFT_EMIT_LOC_STRINGS = NO;
				SWIFT_VERSION = 5.0;
				TARGETED_DEVICE_FAMILY = "1,2";
				TEST_HOST = "$(BUILT_PRODUCTS_DIR)/homesecurity demo 4.app/$(BUNDLE_EXECUTABLE_FOLDER_PATH)/homesecurity demo 4";
			};
			name = Release;
		};
		65F00F832D799A3C000E7B14 /* Debug */ = {
			isa = XCBuildConfiguration;
			buildSettings = {
				ALWAYS_EMBED_SWIFT_STANDARD_LIBRARIES = YES;
				CODE_SIGN_STYLE = Automatic;
				CURRENT_PROJECT_VERSION = 1;
				GENERATE_INFOPLIST_FILE = YES;
				MARKETING_VERSION = 1.0;
				PRODUCT_BUNDLE_IDENTIFIER = "e.homesecurity-demo-4UITests";
				PRODUCT_NAME = "$(TARGET_NAME)";
				SWIFT_EMIT_LOC_STRINGS = NO;
				SWIFT_VERSION = 5.0;
				TARGETED_DEVICE_FAMILY = "1,2";
				TEST_TARGET_NAME = "homesecurity demo 4";
			};
			name = Debug;
		};
		65F00F842D799A3C000E7B14 /* Release */ = {
			isa = XCBuildConfiguration;
			buildSettings = {
				ALWAYS_EMBED_SWIFT_STANDARD_LIBRARIES = YES;
				CODE_SIGN_STYLE = Automatic;
				CURRENT_PROJECT_VERSION = 1;
				GENERATE_INFOPLIST_FILE = YES;
				MARKETING_VERSION = 1.0;
				PRODUCT_BUNDLE_IDENTIFIER = "e.homesecurity-demo-4UITests";
				PRODUCT_NAME = "$(TARGET_NAME)";
				SWIFT_EMIT_LOC_STRINGS = NO;
				SWIFT_VERSION = 5.0;
				TARGETED_DEVICE_FAMILY = "1,2";
				TEST_TARGET_NAME = "homesecurity demo 4";
			};
			name = Release;
		};
/* End XCBuildConfiguration section */

/* Begin XCConfigurationList section */
		65F00F532D799A38000E7B14 /* Build configuration list for PBXProject "homesecurity demo 4" */ = {
			isa = XCConfigurationList;
			buildConfigurations = (
				65F00F7A2D799A3C000E7B14 /* Debug */,
				65F00F7B2D799A3C000E7B14 /* Release */,
			);
			defaultConfigurationIsVisible = 0;
			defaultConfigurationName = Release;
		};
		65F00F7C2D799A3C000E7B14 /* Build configuration list for PBXNativeTarget "homesecurity demo 4" */ = {
			isa = XCConfigurationList;
			buildConfigurations = (
				65F00F7D2D799A3C000E7B14 /* Debug */,
				65F00F7E2D799A3C000E7B14 /* Release */,
			);
			defaultConfigurationIsVisible = 0;
			defaultConfigurationName = Release;
		};
		65F00F7F2D799A3C000E7B14 /* Build configuration list for PBXNativeTarget "homesecurity demo 4Tests" */ = {
			isa = XCConfigurationList;
			buildConfigurations = (
				65F00F802D799A3C000E7B14 /* Debug */,
				65F00F812D799A3C000E7B14 /* Release */,
			);
			defaultConfigurationIsVisible = 0;
			defaultConfigurationName = Release;
		};
		65F00F822D799A3C000E7B14 /* Build configuration list for PBXNativeTarget "homesecurity demo 4UITests" */ = {
			isa = XCConfigurationList;
			buildConfigurations = (
				65F00F832D799A3C000E7B14 /* Debug */,
				65F00F842D799A3C000E7B14 /* Release */,
			);
			defaultConfigurationIsVisible = 0;
			defaultConfigurationName = Release;
		};
/* End XCConfigurationList section */

/* Begin XCRemoteSwiftPackageReference section */
		28A3EDBC2D7FCBFF00CDF95B /* XCRemoteSwiftPackageReference "firebase-ios-sdk" */ = {
			isa = XCRemoteSwiftPackageReference;
			repositoryURL = "https://github.com/firebase/firebase-ios-sdk";
			requirement = {
				kind = upToNextMajorVersion;
				minimumVersion = 11.9.0;
			};
		};
/* End XCRemoteSwiftPackageReference section */

/* Begin XCSwiftPackageProductDependency section */
		28A3EDBD2D7FCD0C00CDF95B /* FirebaseAnalytics */ = {
			isa = XCSwiftPackageProductDependency;
			package = 28A3EDBC2D7FCBFF00CDF95B /* XCRemoteSwiftPackageReference "firebase-ios-sdk" */;
			productName = FirebaseAnalytics;
		};
		28A3EDBF2D7FCD0C00CDF95B /* FirebaseAnalyticsOnDeviceConversion */ = {
			isa = XCSwiftPackageProductDependency;
			package = 28A3EDBC2D7FCBFF00CDF95B /* XCRemoteSwiftPackageReference "firebase-ios-sdk" */;
			productName = FirebaseAnalyticsOnDeviceConversion;
		};
		28A3EDC12D7FCD0C00CDF95B /* FirebaseAnalyticsWithoutAdIdSupport */ = {
			isa = XCSwiftPackageProductDependency;
			package = 28A3EDBC2D7FCBFF00CDF95B /* XCRemoteSwiftPackageReference "firebase-ios-sdk" */;
			productName = FirebaseAnalyticsWithoutAdIdSupport;
		};
		28A3EDC32D7FCD0C00CDF95B /* FirebaseAppCheck */ = {
			isa = XCSwiftPackageProductDependency;
			package = 28A3EDBC2D7FCBFF00CDF95B /* XCRemoteSwiftPackageReference "firebase-ios-sdk" */;
			productName = FirebaseAppCheck;
		};
		28A3EDC52D7FCD0C00CDF95B /* FirebaseAppDistribution-Beta */ = {
			isa = XCSwiftPackageProductDependency;
			package = 28A3EDBC2D7FCBFF00CDF95B /* XCRemoteSwiftPackageReference "firebase-ios-sdk" */;
			productName = "FirebaseAppDistribution-Beta";
		};
		28A3EDC72D7FCD0C00CDF95B /* FirebaseAuth */ = {
			isa = XCSwiftPackageProductDependency;
			package = 28A3EDBC2D7FCBFF00CDF95B /* XCRemoteSwiftPackageReference "firebase-ios-sdk" */;
			productName = FirebaseAuth;
		};
		28A3EDC92D7FCD0C00CDF95B /* FirebaseAuthCombine-Community */ = {
			isa = XCSwiftPackageProductDependency;
			package = 28A3EDBC2D7FCBFF00CDF95B /* XCRemoteSwiftPackageReference "firebase-ios-sdk" */;
			productName = "FirebaseAuthCombine-Community";
		};
		28A3EDCB2D7FCD0C00CDF95B /* FirebaseCore */ = {
			isa = XCSwiftPackageProductDependency;
			package = 28A3EDBC2D7FCBFF00CDF95B /* XCRemoteSwiftPackageReference "firebase-ios-sdk" */;
			productName = FirebaseCore;
		};
		28A3EDCD2D7FCD0C00CDF95B /* FirebaseCrashlytics */ = {
			isa = XCSwiftPackageProductDependency;
			package = 28A3EDBC2D7FCBFF00CDF95B /* XCRemoteSwiftPackageReference "firebase-ios-sdk" */;
			productName = FirebaseCrashlytics;
		};
		28A3EDCF2D7FCD0C00CDF95B /* FirebaseDatabase */ = {
			isa = XCSwiftPackageProductDependency;
			package = 28A3EDBC2D7FCBFF00CDF95B /* XCRemoteSwiftPackageReference "firebase-ios-sdk" */;
			productName = FirebaseDatabase;
		};
		28A3EDD12D7FCD0C00CDF95B /* FirebaseDynamicLinks */ = {
			isa = XCSwiftPackageProductDependency;
			package = 28A3EDBC2D7FCBFF00CDF95B /* XCRemoteSwiftPackageReference "firebase-ios-sdk" */;
			productName = FirebaseDynamicLinks;
		};
		28A3EDD32D7FCD0C00CDF95B /* FirebaseFirestore */ = {
			isa = XCSwiftPackageProductDependency;
			package = 28A3EDBC2D7FCBFF00CDF95B /* XCRemoteSwiftPackageReference "firebase-ios-sdk" */;
			productName = FirebaseFirestore;
		};
		28A3EDD52D7FCD0C00CDF95B /* FirebaseInAppMessaging-Beta */ = {
			isa = XCSwiftPackageProductDependency;
			package = 28A3EDBC2D7FCBFF00CDF95B /* XCRemoteSwiftPackageReference "firebase-ios-sdk" */;
			productName = "FirebaseInAppMessaging-Beta";
		};
		28A3EDD72D7FCD0C00CDF95B /* FirebaseMessaging */ = {
			isa = XCSwiftPackageProductDependency;
			package = 28A3EDBC2D7FCBFF00CDF95B /* XCRemoteSwiftPackageReference "firebase-ios-sdk" */;
			productName = FirebaseMessaging;
		};
/* End XCSwiftPackageProductDependency section */
	};
	rootObject = 65F00F502D799A38000E7B14 /* Project object */;
}
